
Microsoft Visual Studio Solution File, Format Version 12.00
# Visual Studio 15
Project("{FAE04EC0-301F-11D3-BF4B-00C04F79EFBC}") = "Assembly-CSharp", "Assembly-CSharp.csproj", "{149BE913-ABAC-2766-9838-16C917FC3EE5}"
EndProject
Project("{FAE04EC0-301F-11D3-BF4B-00C04F79EFBC}") = "Assembly-CSharp-Editor", "Assembly-CSharp-Editor.csproj", "{28A8F898-B780-557C-FEB6-55C04A24D134}"
EndProject
Global
	GlobalSection(SolutionConfigurationPlatforms) = preSolution
		Debug|Any CPU = Debug|Any CPU
		Release|Any CPU = Release|Any CPU
	EndGlobalSection
	GlobalSection(ProjectConfigurationPlatforms) = postSolution
		{149BE913-ABAC-2766-9838-16C917FC3EE5}.Debug|Any CPU.ActiveCfg = Debug|Any CPU
		{149BE913-ABAC-2766-9838-16C917FC3EE5}.Debug|Any CPU.Build.0 = Debug|Any CPU
		{149BE913-ABAC-2766-9838-16C917FC3EE5}.Release|Any CPU.ActiveCfg = Release|Any CPU
		{149BE913-ABAC-2766-9838-16C917FC3EE5}.Release|Any CPU.Build.0 = Release|Any CPU
		{28A8F898-B780-557C-FEB6-55C04A24D134}.Debug|Any CPU.ActiveCfg = Debug|Any CPU
		{28A8F898-B780-557C-FEB6-55C04A24D134}.Debug|Any CPU.Build.0 = Debug|Any CPU
		{28A8F898-B780-557C-FEB6-55C04A24D134}.Release|Any CPU.ActiveCfg = Release|Any CPU
		{28A8F898-B780-557C-FEB6-55C04A24D134}.Release|Any CPU.Build.0 = Release|Any CPU
	EndGlobalSection
	GlobalSection(SolutionProperties) = preSolution
		HideSolutionNode = FALSE
	EndGlobalSection
EndGlobal
